
Microsoft Visual Studio Solution File, Format Version 12.00
# Visual Studio Version 17
VisualStudioVersion = 17.14.36408.4
MinimumVisualStudioVersion = 10.0.40219.1
Project("{FAE04EC0-301F-11D3-BF4B-00C04F79EFBC}") = "Demo", "Demo\Demo.csproj", "{1B1178A1-4A6D-403E-841E-B99BDE2C2593}"
EndProject
Project("{FAE04EC0-301F-11D3-BF4B-00C04F79EFBC}") = "Assignment", "Assignment\Assignment.csproj", "{A1FA29D8-1AE5-4234-BE82-6FFE82DECBE8}"
EndProject
Global
	GlobalSection(SolutionConfigurationPlatforms) = preSolution
		Debug|Any CPU = Debug|Any CPU
		Release|Any CPU = Release|Any CPU
	EndGlobalSection
	GlobalSection(ProjectConfigurationPlatforms) = postSolution
		{1B1178A1-4A6D-403E-841E-B99BDE2C2593}.Debug|Any CPU.ActiveCfg = Debug|Any CPU
		{1B1178A1-4A6D-403E-841E-B99BDE2C2593}.Debug|Any CPU.Build.0 = Debug|Any CPU
		{1B1178A1-4A6D-403E-841E-B99BDE2C2593}.Release|Any CPU.ActiveCfg = Release|Any CPU
		{1B1178A1-4A6D-403E-841E-B99BDE2C2593}.Release|Any CPU.Build.0 = Release|Any CPU
		{A1FA29D8-1AE5-4234-BE82-6FFE82DECBE8}.Debug|Any CPU.ActiveCfg = Debug|Any CPU
		{A1FA29D8-1AE5-4234-BE82-6FFE82DECBE8}.Debug|Any CPU.Build.0 = Debug|Any CPU
		{A1FA29D8-1AE5-4234-BE82-6FFE82DECBE8}.Release|Any CPU.ActiveCfg = Release|Any CPU
		{A1FA29D8-1AE5-4234-BE82-6FFE82DECBE8}.Release|Any CPU.Build.0 = Release|Any CPU
	EndGlobalSection
	GlobalSection(SolutionProperties) = preSolution
		HideSolutionNode = FALSE
	EndGlobalSection
	GlobalSection(ExtensibilityGlobals) = postSolution
		SolutionGuid = {794A4D0B-6DA4-442D-8608-6FB650FCC5BE}
	EndGlobalSection
EndGlobal
